{
  "name": "marked-tree",
  "version": "0.8.0",
  "lockfileVersion": 1,
  "requires": true,
  "dependencies": {
    "es6-import": {
      "version": "1.1.0",
      "resolved": "https://registry.npmjs.org/es6-import/-/es6-import-1.1.0.tgz",
      "integrity": "sha1-B0lK1tjiwiqF/rXPJ4MhnxIfxkQ=",
      "dev": true
    },
    "is-wsl": {
      "version": "1.1.0",
      "resolved": "https://registry.npmjs.org/is-wsl/-/is-wsl-1.1.0.tgz",
      "integrity": "sha1-HxbkqiKwTRM2tmGIpmrzxgDDpm0="
    },
    "marked": {
      "version": "0.3.6",
      "resolved": "https://registry.npmjs.org/marked/-/marked-0.3.6.tgz",
      "integrity": "sha1-ssbGGPzOzk74bE/Gy4p8v1rtqNc="
    },
    "opn": {
      "version": "5.0.0",
      "resolved": "https://registry.npmjs.org/opn/-/opn-5.0.0.tgz",
      "integrity": "sha1-+IcNfNlpshgDDLbOWhKF55WTHfM=",
      "requires": {
        "is-wsl": "1.1.0"
      }
    }
  }
}
